{
  "nodes": {
    "bascht-private": {
      "inputs": {
        "nixpkgs": [
          "nixpkgs"
        ]
      },
      "locked": {
        "lastModified": 1699114678,
        "narHash": "sha256-y5qdk2WCEzbXmLU9qWJHUDlPxslye9pFqItDm6zGito=",
        "ref": "main",
        "rev": "fc5d24bed7175b545f2f9e16df8b7d55e0dce74c",
        "revCount": 24,
        "type": "git",
        "url": "https://git.dorhamm.me/bascht/nixos-private.git"
      },
      "original": {
        "ref": "main",
        "type": "git",
        "url": "https://git.dorhamm.me/bascht/nixos-private.git"
      }
    },
    "home-manager": {
      "inputs": {
        "nixpkgs": [
          "nixpkgs"
        ]
      },
      "locked": {
        "lastModified": 1699748081,
        "narHash": "sha256-MOmMapBydd7MTjhX4eeQZzKlCABWw8W6iSHSG4OeFKE=",
        "owner": "nix-community",
        "repo": "home-manager",
        "rev": "04bac349d585c9df38d78e0285b780a140dc74a4",
        "type": "github"
      },
      "original": {
        "owner": "nix-community",
        "ref": "release-23.05",
        "repo": "home-manager",
        "type": "github"
      }
    },
    "nixos-hardware": {
      "locked": {
        "lastModified": 1699954245,
        "narHash": "sha256-CSnfeOHc/wco8amdA0j268OaLrMcI5gGtK6Zm+y3lT0=",
        "owner": "NixOS",
        "repo": "nixos-hardware",
        "rev": "df9bb8a436607da124e8cfa0fd19e70e9d9e0b7b",
        "type": "github"
      },
      "original": {
        "owner": "NixOS",
        "ref": "master",
        "repo": "nixos-hardware",
        "type": "github"
      }
    },
    "nixpkgs": {
      "locked": {
        "lastModified": 1699596684,
        "narHash": "sha256-XSXP8zjBZJBVvpNb2WmY0eW8O2ce+sVyj1T0/iBRIvg=",
        "owner": "NixOS",
        "repo": "nixpkgs",
        "rev": "da4024d0ead5d7820f6bd15147d3fe2a0c0cec73",
        "type": "github"
      },
      "original": {
        "owner": "NixOS",
        "ref": "nixos-23.05",
        "repo": "nixpkgs",
        "type": "github"
      }
    },
    "root": {
      "inputs": {
        "bascht-private": "bascht-private",
        "home-manager": "home-manager",
        "nixos-hardware": "nixos-hardware",
        "nixpkgs": "nixpkgs"
      }
    }
  },
  "root": "root",
  "version": 7
}
