{
  "nodes": {
    "bascht-private": {
      "inputs": {
        "nixpkgs": "nixpkgs"
      },
      "locked": {
        "lastModified": 0,
        "narHash": "sha256-7FExs2oN1zJW/kWqCyQqfKFnOOlRqrgDALXemtKJRVQ=",
        "type": "git",
        "url": "file:///home/bascht/Code/nixos-private.git"
      },
      "original": {
        "type": "git",
        "url": "file:///home/bascht/Code/nixos-private.git"
      }
    },
    "nixos-hardware": {
      "locked": {
        "lastModified": 1671467847,
        "narHash": "sha256-eIeZIQbbW0QYDW0nhDaieokw6VakPO3TyJ3RmxqGHOs=",
        "owner": "NixOS",
        "repo": "nixos-hardware",
        "rev": "25010a042c23695ae457a97aad60e9b1d49f2ecc",
        "type": "github"
      },
      "original": {
        "owner": "NixOS",
        "ref": "master",
        "repo": "nixos-hardware",
        "type": "github"
      }
    },
    "nixpkgs": {
      "locked": {
        "lastModified": 1671417167,
        "narHash": "sha256-JkHam6WQOwZN1t2C2sbp1TqMv3TVRjzrdoejqfefwrM=",
        "owner": "NixOS",
        "repo": "nixpkgs",
        "rev": "bb31220cca6d044baa6dc2715b07497a2a7c4bc7",
        "type": "github"
      },
      "original": {
        "id": "nixpkgs",
        "type": "indirect"
      }
    },
    "nixpkgs_2": {
      "locked": {
        "lastModified": 1671417167,
        "narHash": "sha256-JkHam6WQOwZN1t2C2sbp1TqMv3TVRjzrdoejqfefwrM=",
        "owner": "NixOS",
        "repo": "nixpkgs",
        "rev": "bb31220cca6d044baa6dc2715b07497a2a7c4bc7",
        "type": "github"
      },
      "original": {
        "id": "nixpkgs",
        "type": "indirect"
      }
    },
    "root": {
      "inputs": {
        "bascht-private": "bascht-private",
        "nixos-hardware": "nixos-hardware",
        "nixpkgs": "nixpkgs_2"
      }
    }
  },
  "root": "root",
  "version": 7
}
